# This file is autogenerated, do not edit; changes may be undone by the next 'dep ensure'.


[[projects]]
  digest = "1:d1665c44bd5db19aaee18d1b6233c99b0b9a986e8bccb24ef54747547a48027f"
  name = "github.com/PuerkitoBio/purell"
  packages = ["."]
  pruneopts = "UT"
  revision = "0bcb03f4b4d0a9428594752bd2a3b9aa0a9d4bd4"
  version = "v1.1.0"

[[projects]]
  branch = "master"
  digest = "1:c739832d67eb1e9cc478a19cc1a1ccd78df0397bf8a32978b759152e205f644b"
  name = "github.com/PuerkitoBio/urlesc"
  packages = ["."]
  pruneopts = "UT"
  revision = "de5bf2ad457846296e2031421a34e2568e304e35"

[[projects]]
  digest = "1:87c056b4f0548034ade51456237b47f723b901f373d7c11295f80da5d3b91950"
  name = "github.com/emicklei/go-restful"
  packages = [
    ".",
    "log",
  ]
  pruneopts = "UT"
  revision = "ff4f55a206334ef123e4f79bbf348980da81ca46"

[[projects]]
  digest = "1:abeb38ade3f32a92943e5be54f55ed6d6e3b6602761d74b4aab4c9dd45c18abd"
  name = "github.com/fsnotify/fsnotify"
  packages = ["."]
  pruneopts = "UT"
  revision = "c2828203cd70a50dcccfb2761f8b1f8ceef9a8e9"
  version = "v1.4.7"

[[projects]]
  digest = "1:aacef5f5e45685f2aeda5534d0a750dee6859de7e9088cdd06192787bb01ae6d"
  name = "github.com/go-errors/errors"
  packages = ["."]
  pruneopts = "UT"
  revision = "a6af135bd4e28680facf08a3d206b454abc877a4"
  version = "v1.0.1"

[[projects]]
  digest = "1:2997679181d901ac8aaf4330d11138ecf3974c6d3334995ff36f20cbd597daf8"
  name = "github.com/go-openapi/jsonpointer"
  packages = ["."]
  pruneopts = "UT"
  revision = "3a0015ad55fa9873f41605d3e8f28cd279c32ab2"
  version = "0.16.0"

[[projects]]
  digest = "1:1ae3f233d75a731b164ca9feafd8ed646cbedf1784095876ed6988ce8aa88b1f"
  name = "github.com/go-openapi/jsonreference"
  packages = ["."]
  pruneopts = "UT"
  revision = "3fb327e6747da3043567ee86abd02bb6376b6be2"
  version = "0.16.0"

[[projects]]
  branch = "master"
  digest = "1:d538832fc6033760440c9b7058504c495542905c83925f5d846bc954ff899a3b"
  name = "github.com/go-openapi/spec"
  packages = ["."]
  pruneopts = "UT"
  revision = "f1468acb3b29cdd5c5f6fa29435d2d2d6e6c9ff1"

[[projects]]
  digest = "1:c80984d4a9bb79539743aff5af91b595d84f513700150b0ed73c1697d1200d54"
  name = "github.com/go-openapi/swag"
  packages = ["."]
  pruneopts = "UT"
  revision = "becd2f08beafcca035645a8a101e0e3e18140458"
  version = "0.16.0"

[[projects]]
  digest = "1:f83d740263b44fdeef3e1bce6147b5d7283fcad1a693d39639be33993ecf3db1"
  name = "github.com/gogo/protobuf"
  packages = [
    "proto",
    "sortkeys",
  ]
  pruneopts = "UT"
  revision = "c0656edd0d9eab7c66d1eb0c568f9039345796f7"

[[projects]]
  digest = "1:2edd2416f89b4e841df0e4a78802ce14d2bc7ad79eba1a45986e39f0f8cb7d87"
  name = "github.com/golang/glog"
  packages = ["."]
  pruneopts = "UT"
  revision = "44145f04b68cf362d9c4df2182967c2275eaefed"

[[projects]]
  digest = "1:4c0989ca0bcd10799064318923b9bc2db6b4d6338dd75f3f2d86c3511aaaf5cf"
  name = "github.com/golang/protobuf"
  packages = [
    "proto",
    "ptypes",
    "ptypes/any",
    "ptypes/duration",
    "ptypes/timestamp",
  ]
  pruneopts = "UT"
  revision = "aa810b61a9c79d51363740d207bb46cf8e620ed5"
  version = "v1.2.0"

[[projects]]
  digest = "1:41bfd4219241b7f7d6e6fdb13fc712576f1337e68e6b895136283b76928fdd66"
  name = "github.com/google/gofuzz"
  packages = ["."]
  pruneopts = "UT"
  revision = "44d81051d367757e1c7c6a5a86423ece9afcf63c"

[[projects]]
  digest = "1:c0d19ab64b32ce9fe5cf4ddceba78d5bc9807f0016db6b1183599da3dcc24d10"
  name = "github.com/hashicorp/hcl"
  packages = [
    ".",
    "hcl/ast",
    "hcl/parser",
    "hcl/printer",
    "hcl/scanner",
    "hcl/strconv",
    "hcl/token",
    "json/parser",
    "json/scanner",
    "json/token",
  ]
  pruneopts = "UT"
  revision = "8cb6e5b959231cc1119e43259c4a608f9c51a241"
  version = "v1.0.0"

[[projects]]
  digest = "1:870d441fe217b8e689d7949fef6e43efbc787e50f200cb1e70dbca9204a1d6be"
  name = "github.com/inconshreveable/mousetrap"
  packages = ["."]
  pruneopts = "UT"
  revision = "76626ae9c91c4f2a10f34cad8ce83ea42c93bb75"
  version = "v1.0"

[[projects]]
  branch = "master"
  digest = "1:f44d34fda864bed6d6c71514cd40b2ee097e6e67f745d5d014113e1faa5af8b7"
  name = "github.com/konsorten/go-windows-terminal-sequences"
  packages = ["."]
  pruneopts = "UT"
  revision = "b729f2633dfe35f4d1d8a32385f6685610ce1cb5"

[[projects]]
  digest = "1:4af903f7da9a44784fbd1e72846a44366d4ca7310cf237ad9468fdc1612b0b73"
  name = "github.com/ligato/cn-infra"
  packages = [
    "core",
    "logging",
    "logging/logrus",
  ]
  pruneopts = "UT"
  revision = "22c14be88d97b2b8c38cce0a7141ea18bd042143"
  version = "v1.4.1"

[[projects]]
  branch = "master"
  digest = "1:3c4c62ecf5df25b7c565fdf60bb218ae30156ad740b5212fe91bded05ca24e2a"
  name = "github.com/ligato/networkservicemesh"
  packages = [
    "pkg/apis/networkservicemesh.io/v1",
    "pkg/nsm/apis/common",
    "pkg/nsm/apis/dataplaneinterface",
    "pkg/nsm/apis/dataplaneregistrar",
    "pkg/nsm/apis/netmesh",
    "pkg/tools",
    "plugins/config",
    "plugins/dataplaneregistrar",
    "plugins/idempotent",
    "plugins/logger",
    "plugins/logger/hooks/pid",
    "plugins/objectstore",
    "utils/command",
    "utils/helper/deptools",
    "utils/helper/errtools",
    "utils/helper/plugintools",
    "utils/idempotent",
    "utils/registry",
  ]
  pruneopts = "UT"
  revision = "2c7b0149f332bc202fba9cd8e06a5320f4a7bbcf"

[[projects]]
  digest = "1:c568d7727aa262c32bdf8a3f7db83614f7af0ed661474b24588de635c20024c7"
  name = "github.com/magiconair/properties"
  packages = ["."]
  pruneopts = "UT"
  revision = "c2353362d570a7bfa228149c62842019201cfb71"
  version = "v1.8.0"

[[projects]]
  branch = "master"
  digest = "1:84a5a2b67486d5d67060ac393aa255d05d24ed5ee41daecd5635ec22657b6492"
  name = "github.com/mailru/easyjson"
  packages = [
    "buffer",
    "jlexer",
    "jwriter",
  ]
  pruneopts = "UT"
  revision = "60711f1a8329503b04e1c88535f419d0bb440bff"

[[projects]]
  digest = "1:645110e089152bd0f4a011a2648fbb0e4df5977be73ca605781157ac297f50c4"
  name = "github.com/mitchellh/mapstructure"
  packages = ["."]
  pruneopts = "UT"
  revision = "fa473d140ef3c6adf42d6b391fe76707f1f243c8"
  version = "v1.0.0"

[[projects]]
  digest = "1:6221a3a452964b1ff30efdc22209b124d54d04373e5993264d3fa9b13da0659d"
  name = "github.com/namsral/flag"
  packages = ["."]
  pruneopts = "UT"
  revision = "71ceffbeb0ba60fccc853971bb3ed4d7d90bfd04"
  version = "v1.7.4-pre"

[[projects]]
  branch = "master"
  digest = "1:4323c6f79178c6f811a0528b1b2eba03bad0cae33605636f1e38c8f907b5cbf7"
  name = "github.com/onrik/logrus"
  packages = ["filename"]
  pruneopts = "UT"
  revision = "ca0a758702be2ae04725ba88dcd27a71949faf33"

[[projects]]
  digest = "1:95741de3af260a92cc5c7f3f3061e85273f5a81b5db20d4bd68da74bd521675e"
  name = "github.com/pelletier/go-toml"
  packages = ["."]
  pruneopts = "UT"
  revision = "c01d1270ff3e442a8a57cddc1c92dc1138598194"
  version = "v1.2.0"

[[projects]]
  digest = "1:274f67cb6fed9588ea2521ecdac05a6d62a8c51c074c1fccc6a49a40ba80e925"
  name = "github.com/satori/go.uuid"
  packages = ["."]
  pruneopts = "UT"
  revision = "f58768cc1a7a7e77a3bd49e98cdd21419399b6a3"
  version = "v1.2.0"

[[projects]]
  digest = "1:dc2d85c13ac22c22a1f3170a41a8e1b897fa05134aaf533f16df44f66a25b4a1"
  name = "github.com/sirupsen/logrus"
  packages = ["."]
  pruneopts = "UT"
  revision = "a67f783a3814b8729bd2dac5780b5f78f8dbd64d"
  version = "v1.1.0"

[[projects]]
  digest = "1:6a4a11ba764a56d2758899ec6f3848d24698d48442ebce85ee7a3f63284526cd"
  name = "github.com/spf13/afero"
  packages = [
    ".",
    "mem",
  ]
  pruneopts = "UT"
  revision = "d40851caa0d747393da1ffb28f7f9d8b4eeffebd"
  version = "v1.1.2"

[[projects]]
  digest = "1:516e71bed754268937f57d4ecb190e01958452336fa73dbac880894164e91c1f"
  name = "github.com/spf13/cast"
  packages = ["."]
  pruneopts = "UT"
  revision = "8965335b8c7107321228e3e3702cab9832751bac"
  version = "v1.2.0"

[[projects]]
  digest = "1:645cabccbb4fa8aab25a956cbcbdf6a6845ca736b2c64e197ca7cbb9d210b939"
  name = "github.com/spf13/cobra"
  packages = ["."]
  pruneopts = "UT"
  revision = "ef82de70bb3f60c65fb8eebacbb2d122ef517385"
  version = "v0.0.3"

[[projects]]
  digest = "1:68ea4e23713989dc20b1bded5d9da2c5f9be14ff9885beef481848edd18c26cb"
  name = "github.com/spf13/jwalterweatherman"
  packages = ["."]
  pruneopts = "UT"
  revision = "4a4406e478ca629068e7768fc33f3f044173c0a6"
  version = "v1.0.0"

[[projects]]
  digest = "1:dab83a1bbc7ad3d7a6ba1a1cc1760f25ac38cdf7d96a5cdd55cd915a4f5ceaf9"
  name = "github.com/spf13/pflag"
  packages = ["."]
  pruneopts = "UT"
  revision = "9a97c102cda95a86cec2345a6f09f55a939babf5"
  version = "v1.0.2"

[[projects]]
  digest = "1:214775c11fd26da94a100111a62daa25339198a4f9c57cb4aab352da889f5b93"
  name = "github.com/spf13/viper"
  packages = ["."]
  pruneopts = "UT"
  revision = "2c12c60302a5a0e62ee102ca9bc996277c2f64f5"
  version = "v1.2.1"

[[projects]]
  branch = "master"
  digest = "1:3f3a05ae0b95893d90b9b3b5afdb79a9b3d96e4e36e099d841ae602e4aca0da8"
  name = "golang.org/x/crypto"
  packages = ["ssh/terminal"]
  pruneopts = "UT"
  revision = "5295e8364332db77d75fce11f1d19c053919a9c9"

[[projects]]
  branch = "master"
  digest = "1:505dbee0833715a72a529bb57c354826ad42a4496fad787fa143699b4de1a6d0"
  name = "golang.org/x/net"
  packages = [
    "context",
    "http/httpguts",
    "http2",
    "http2/hpack",
    "idna",
    "internal/timeseries",
    "trace",
  ]
  pruneopts = "UT"
  revision = "4dfa2610cdf3b287375bbba5b8f2a14d3b01d8de"

[[projects]]
  branch = "master"
  digest = "1:6f82ed211591ecb407897ca46ff6149d618223088aecad72675804f106033629"
  name = "golang.org/x/sys"
  packages = [
    "unix",
    "windows",
  ]
  pruneopts = "UT"
  revision = "e4b3c5e9061176387e7cea65e4dc5853801f3fb7"

[[projects]]
  digest = "1:0c56024909189aee3364b7f21a95a27459f718aa7c199a5c111c36cfffd9eaef"
  name = "golang.org/x/text"
  packages = [
    "collate",
    "collate/build",
    "internal/colltab",
    "internal/gen",
    "internal/tag",
    "internal/triegen",
    "internal/ucd",
    "language",
    "secure/bidirule",
    "transform",
    "unicode/bidi",
    "unicode/cldr",
    "unicode/norm",
    "unicode/rangetable",
    "width",
  ]
  pruneopts = "UT"
  revision = "f21a4dfb5e38f5895301dc265a8def02365cc3d0"
  version = "v0.3.0"

[[projects]]
  branch = "master"
  digest = "1:1e6b0176e8c5dd8ff551af65c76f8b73a99bcf4d812cedff1b91711b7df4804c"
  name = "google.golang.org/genproto"
  packages = ["googleapis/rpc/status"]
  pruneopts = "UT"
  revision = "c7e5094acea1ca1b899e2259d80a6b0f882f81f8"

[[projects]]
  digest = "1:ab8e92d746fb5c4c18846b0879842ac8e53b3d352449423d0924a11f1020ae1b"
  name = "google.golang.org/grpc"
  packages = [
    ".",
    "balancer",
    "balancer/base",
    "balancer/roundrobin",
    "codes",
    "connectivity",
    "credentials",
    "encoding",
    "encoding/proto",
    "grpclog",
    "internal",
    "internal/backoff",
    "internal/channelz",
    "internal/envconfig",
    "internal/grpcrand",
    "internal/transport",
    "keepalive",
    "metadata",
    "naming",
    "peer",
    "resolver",
    "resolver/dns",
    "resolver/passthrough",
    "stats",
    "status",
    "tap",
  ]
  pruneopts = "UT"
  revision = "8dea3dc473e90c8179e519d91302d0597c0ca1d1"
  version = "v1.15.0"

[[projects]]
  digest = "1:ef72505cf098abdd34efeea032103377bec06abb61d8a06f002d5d296a4b1185"
  name = "gopkg.in/inf.v0"
  packages = ["."]
  pruneopts = "UT"
  revision = "3887ee99ecf07df5b447e9b00d9c0b2adaa9f3e4"
  version = "v0.9.0"

[[projects]]
  digest = "1:342378ac4dcb378a5448dd723f0784ae519383532f5e70ade24132c4c8693202"
  name = "gopkg.in/yaml.v2"
  packages = ["."]
  pruneopts = "UT"
  revision = "5420a8b6744d3b0345ab293f6fcba19c978f1183"
  version = "v2.2.1"

[[projects]]
  branch = "master"
  digest = "1:9aa2896ebbcb723e5af118278085a14fb6406c7c4630c4d62fd4c4fb08b1ee63"
  name = "k8s.io/apimachinery"
  packages = [
    "pkg/api/resource",
    "pkg/apis/meta/v1",
    "pkg/conversion",
    "pkg/conversion/queryparams",
    "pkg/fields",
    "pkg/labels",
    "pkg/runtime",
    "pkg/runtime/schema",
    "pkg/selection",
    "pkg/types",
    "pkg/util/errors",
    "pkg/util/intstr",
    "pkg/util/json",
    "pkg/util/naming",
    "pkg/util/net",
    "pkg/util/runtime",
    "pkg/util/sets",
    "pkg/util/validation",
    "pkg/util/validation/field",
    "pkg/watch",
    "third_party/forked/golang/reflect",
  ]
  pruneopts = "UT"
  revision = "c6dd271be00615c6fa8c91fdf63381265a5f0e4e"

[[projects]]
  branch = "master"
  digest = "1:f60e3ccfe35ad7632217492c6709871d6c84b2ba77219f054f8d0ef7d1b996e2"
  name = "k8s.io/kube-openapi"
  packages = ["pkg/common"]
  pruneopts = "UT"
  revision = "9dfdf9be683f61f82cda12362c44c784e0778b56"

[solve-meta]
  analyzer-name = "dep"
  analyzer-version = 1
  input-imports = [
    "github.com/ligato/networkservicemesh/pkg/nsm/apis/common",
    "github.com/ligato/networkservicemesh/pkg/nsm/apis/dataplaneinterface",
    "github.com/ligato/networkservicemesh/pkg/nsm/apis/dataplaneregistrar",
    "github.com/ligato/networkservicemesh/pkg/tools",
    "github.com/ligato/networkservicemesh/plugins/dataplaneregistrar",
    "github.com/sirupsen/logrus",
    "google.golang.org/grpc",
    "google.golang.org/grpc/status",
  ]
  solver-name = "gps-cdcl"
  solver-version = 1
